// !$*UTF8*$!
{
	archiveVersion = 1;
	classes = {
	};
	objectVersion = 50;
	objects = {

/* Begin PBXBuildFile section */
		78058DF9260E24DB007539DF /* AppDelegate.swift in Sources */ = {isa = PBXBuildFile; fileRef = 78058DF8260E24DB007539DF /* AppDelegate.swift */; };
		78058DFB260E24DB007539DF /* SceneDelegate.swift in Sources */ = {isa = PBXBuildFile; fileRef = 78058DFA260E24DB007539DF /* SceneDelegate.swift */; };
		78058DFD260E24DB007539DF /* MealViewController.swift in Sources */ = {isa = PBXBuildFile; fileRef = 78058DFC260E24DB007539DF /* MealViewController.swift */; };
		78058E00260E24DB007539DF /* Main.storyboard in Resources */ = {isa = PBXBuildFile; fileRef = 78058DFE260E24DB007539DF /* Main.storyboard */; };
		78058E02260E24DC007539DF /* Assets.xcassets in Resources */ = {isa = PBXBuildFile; fileRef = 78058E01260E24DC007539DF /* Assets.xcassets */; };
		78058E05260E24DC007539DF /* LaunchScreen.storyboard in Resources */ = {isa = PBXBuildFile; fileRef = 78058E03260E24DC007539DF /* LaunchScreen.storyboard */; };
		78058E10260E24DC007539DF /* FoodTrackerTests.swift in Sources */ = {isa = PBXBuildFile; fileRef = 78058E0F260E24DC007539DF /* FoodTrackerTests.swift */; };
		78058E1B260E24DC007539DF /* FoodTrackerUITests.swift in Sources */ = {isa = PBXBuildFile; fileRef = 78058E1A260E24DC007539DF /* FoodTrackerUITests.swift */; };
		786439C226149EE2009A0453 /* RatingControl.swift in Sources */ = {isa = PBXBuildFile; fileRef = 786439C126149EE2009A0453 /* RatingControl.swift */; };
		78865D67261C40DE00026AAE /* MealTableViewCell.swift in Sources */ = {isa = PBXBuildFile; fileRef = 78865D66261C40DE00026AAE /* MealTableViewCell.swift */; };
		78865D6F261C4B0500026AAE /* MealTableViewController.swift in Sources */ = {isa = PBXBuildFile; fileRef = 78865D6E261C4B0500026AAE /* MealTableViewController.swift */; };
		78D41D23261607A400467DD9 /* Meal.swift in Sources */ = {isa = PBXBuildFile; fileRef = 78D41D22261607A400467DD9 /* Meal.swift */; };
/* End PBXBuildFile section */

/* Begin PBXContainerItemProxy section */
		78058E0C260E24DC007539DF /* PBXContainerItemProxy */ = {
			isa = PBXContainerItemProxy;
			containerPortal = 78058DED260E24DB007539DF /* Project object */;
			proxyType = 1;
			remoteGlobalIDString = 78058DF4260E24DB007539DF;
			remoteInfo = FoodTracker;
		};
		78058E17260E24DC007539DF /* PBXContainerItemProxy */ = {
			isa = PBXContainerItemProxy;
			containerPortal = 78058DED260E24DB007539DF /* Project object */;
			proxyType = 1;
			remoteGlobalIDString = 78058DF4260E24DB007539DF;
			remoteInfo = FoodTracker;
		};
/* End PBXContainerItemProxy section */

/* Begin PBXFileReference section */
		78058DF5260E24DB007539DF /* FoodTracker.app */ = {isa = PBXFileReference; explicitFileType = wrapper.application; includeInIndex = 0; path = FoodTracker.app; sourceTree = BUILT_PRODUCTS_DIR; };
		78058DF8260E24DB007539DF /* AppDelegate.swift */ = {isa = PBXFileReference; lastKnownFileType = sourcecode.swift; path = AppDelegate.swift; sourceTree = "<group>"; };
		78058DFA260E24DB007539DF /* SceneDelegate.swift */ = {isa = PBXFileReference; lastKnownFileType = sourcecode.swift; path = SceneDelegate.swift; sourceTree = "<group>"; };
		78058DFC260E24DB007539DF /* MealViewController.swift */ = {isa = PBXFileReference; lastKnownFileType = sourcecode.swift; path = MealViewController.swift; sourceTree = "<group>"; };
		78058DFF260E24DB007539DF /* Base */ = {isa = PBXFileReference; lastKnownFileType = file.storyboard; name = Base; path = Base.lproj/Main.storyboard; sourceTree = "<group>"; };
		78058E01260E24DC007539DF /* Assets.xcassets */ = {isa = PBXFileReference; lastKnownFileType = folder.assetcatalog; path = Assets.xcassets; sourceTree = "<group>"; };
		78058E04260E24DC007539DF /* Base */ = {isa = PBXFileReference; lastKnownFileType = file.storyboard; name = Base; path = Base.lproj/LaunchScreen.storyboard; sourceTree = "<group>"; };
		78058E06260E24DC007539DF /* Info.plist */ = {isa = PBXFileReference; lastKnownFileType = text.plist.xml; path = Info.plist; sourceTree = "<group>"; };
		78058E0B260E24DC007539DF /* FoodTrackerTests.xctest */ = {isa = PBXFileReference; explicitFileType = wrapper.cfbundle; includeInIndex = 0; path = FoodTrackerTests.xctest; sourceTree = BUILT_PRODUCTS_DIR; };
		78058E0F260E24DC007539DF /* FoodTrackerTests.swift */ = {isa = PBXFileReference; lastKnownFileType = sourcecode.swift; path = FoodTrackerTests.swift; sourceTree = "<group>"; };
		78058E11260E24DC007539DF /* Info.plist */ = {isa = PBXFileReference; lastKnownFileType = text.plist.xml; path = Info.plist; sourceTree = "<group>"; };
		78058E16260E24DC007539DF /* FoodTrackerUITests.xctest */ = {isa = PBXFileReference; explicitFileType = wrapper.cfbundle; includeInIndex = 0; path = FoodTrackerUITests.xctest; sourceTree = BUILT_PRODUCTS_DIR; };
		78058E1A260E24DC007539DF /* FoodTrackerUITests.swift */ = {isa = PBXFileReference; lastKnownFileType = sourcecode.swift; path = FoodTrackerUITests.swift; sourceTree = "<group>"; };
		78058E1C260E24DC007539DF /* Info.plist */ = {isa = PBXFileReference; lastKnownFileType = text.plist.xml; path = Info.plist; sourceTree = "<group>"; };
		786439C126149EE2009A0453 /* RatingControl.swift */ = {isa = PBXFileReference; lastKnownFileType = sourcecode.swift; path = RatingControl.swift; sourceTree = "<group>"; };
		78865D66261C40DE00026AAE /* MealTableViewCell.swift */ = {isa = PBXFileReference; lastKnownFileType = sourcecode.swift; path = MealTableViewCell.swift; sourceTree = "<group>"; };
		78865D6E261C4B0500026AAE /* MealTableViewController.swift */ = {isa = PBXFileReference; lastKnownFileType = sourcecode.swift; path = MealTableViewController.swift; sourceTree = "<group>"; };
		78D41D22261607A400467DD9 /* Meal.swift */ = {isa = PBXFileReference; lastKnownFileType = sourcecode.swift; path = Meal.swift; sourceTree = "<group>"; };
/* End PBXFileReference section */

/* Begin PBXFrameworksBuildPhase section */
		78058DF2260E24DB007539DF /* Frameworks */ = {
			isa = PBXFrameworksBuildPhase;
			buildActionMask = 2147483647;
			files = (
			);
			runOnlyForDeploymentPostprocessing = 0;
		};
		78058E08260E24DC007539DF /* Frameworks */ = {
			isa = PBXFrameworksBuildPhase;
			buildActionMask = 2147483647;
			files = (
			);
			runOnlyForDeploymentPostprocessing = 0;
		};
		78058E13260E24DC007539DF /* Frameworks */ = {
			isa = PBXFrameworksBuildPhase;
			buildActionMask = 2147483647;
			files = (
			);
			runOnlyForDeploymentPostprocessing = 0;
		};
/* End PBXFrameworksBuildPhase section */

/* Begin PBXGroup section */
		78058DEC260E24DB007539DF = {
			isa = PBXGroup;
			children = (
				78058DF7260E24DB007539DF /* FoodTracker */,
				78058E0E260E24DC007539DF /* FoodTrackerTests */,
				78058E19260E24DC007539DF /* FoodTrackerUITests */,
				78058DF6260E24DB007539DF /* Products */,
			);
			sourceTree = "<group>";
		};
		78058DF6260E24DB007539DF /* Products */ = {
			isa = PBXGroup;
			children = (
				78058DF5260E24DB007539DF /* FoodTracker.app */,
				78058E0B260E24DC007539DF /* FoodTrackerTests.xctest */,
				78058E16260E24DC007539DF /* FoodTrackerUITests.xctest */,
			);
			name = Products;
			sourceTree = "<group>";
		};
		78058DF7260E24DB007539DF /* FoodTracker */ = {
			isa = PBXGroup;
			children = (
				78058DF8260E24DB007539DF /* AppDelegate.swift */,
				78058DFA260E24DB007539DF /* SceneDelegate.swift */,
				78058DFC260E24DB007539DF /* MealViewController.swift */,
				786439C126149EE2009A0453 /* RatingControl.swift */,
				78D41D22261607A400467DD9 /* Meal.swift */,
				78865D66261C40DE00026AAE /* MealTableViewCell.swift */,
				78865D6E261C4B0500026AAE /* MealTableViewController.swift */,
				78058DFE260E24DB007539DF /* Main.storyboard */,
				78058E01260E24DC007539DF /* Assets.xcassets */,
				78058E03260E24DC007539DF /* LaunchScreen.storyboard */,
				78058E06260E24DC007539DF /* Info.plist */,
			);
			path = FoodTracker;
			sourceTree = "<group>";
		};
		78058E0E260E24DC007539DF /* FoodTrackerTests */ = {
			isa = PBXGroup;
			children = (
				78058E0F260E24DC007539DF /* FoodTrackerTests.swift */,
				78058E11260E24DC007539DF /* Info.plist */,
			);
			path = FoodTrackerTests;
			sourceTree = "<group>";
		};
		78058E19260E24DC007539DF /* FoodTrackerUITests */ = {
			isa = PBXGroup;
			children = (
				78058E1A260E24DC007539DF /* FoodTrackerUITests.swift */,
				78058E1C260E24DC007539DF /* Info.plist */,
			);
			path = FoodTrackerUITests;
			sourceTree = "<group>";
		};
/* End PBXGroup section */

/* Begin PBXNativeTarget section */
		78058DF4260E24DB007539DF /* FoodTracker */ = {
			isa = PBXNativeTarget;
			buildConfigurationList = 78058E1F260E24DC007539DF /* Build configuration list for PBXNativeTarget "FoodTracker" */;
			buildPhases = (
				78058DF1260E24DB007539DF /* Sources */,
				78058DF2260E24DB007539DF /* Frameworks */,
				78058DF3260E24DB007539DF /* Resources */,
			);
			buildRules = (
			);
			dependencies = (
			);
			name = FoodTracker;
			productName = FoodTracker;
			productReference = 78058DF5260E24DB007539DF /* FoodTracker.app */;
			productType = "com.apple.product-type.application";
		};
		78058E0A260E24DC007539DF /* FoodTrackerTests */ = {
			isa = PBXNativeTarget;
			buildConfigurationList = 78058E22260E24DC007539DF /* Build configuration list for PBXNativeTarget "FoodTrackerTests" */;
			buildPhases = (
				78058E07260E24DC007539DF /* Sources */,
				78058E08260E24DC007539DF /* Frameworks */,
				78058E09260E24DC007539DF /* Resources */,
			);
			buildRules = (
			);
			dependencies = (
				78058E0D260E24DC007539DF /* PBXTargetDependency */,
			);
			name = FoodTrackerTests;
			productName = FoodTrackerTests;
			productReference = 78058E0B260E24DC007539DF /* FoodTrackerTests.xctest */;
			productType = "com.apple.product-type.bundle.unit-test";
		};
		78058E15260E24DC007539DF /* FoodTrackerUITests */ = {
			isa = PBXNativeTarget;
			buildConfigurationList = 78058E25260E24DC007539DF /* Build configuration list for PBXNativeTarget "FoodTrackerUITests" */;
			buildPhases = (
				78058E12260E24DC007539DF /* Sources */,
				78058E13260E24DC007539DF /* Frameworks */,
				78058E14260E24DC007539DF /* Resources */,
			);
			buildRules = (
			);
			dependencies = (
				78058E18260E24DC007539DF /* PBXTargetDependency */,
			);
			name = FoodTrackerUITests;
			productName = FoodTrackerUITests;
			productReference = 78058E16260E24DC007539DF /* FoodTrackerUITests.xctest */;
			productType = "com.apple.product-type.bundle.ui-testing";
		};
/* End PBXNativeTarget section */

/* Begin PBXProject section */
		78058DED260E24DB007539DF /* Project object */ = {
			isa = PBXProject;
			attributes = {
				LastSwiftUpdateCheck = 1240;
				LastUpgradeCheck = 1240;
				TargetAttributes = {
					78058DF4260E24DB007539DF = {
						CreatedOnToolsVersion = 12.4;
					};
					78058E0A260E24DC007539DF = {
						CreatedOnToolsVersion = 12.4;
						TestTargetID = 78058DF4260E24DB007539DF;
					};
					78058E15260E24DC007539DF = {
						CreatedOnToolsVersion = 12.4;
						TestTargetID = 78058DF4260E24DB007539DF;
					};
				};
			};
			buildConfigurationList = 78058DF0260E24DB007539DF /* Build configuration list for PBXProject "FoodTracker" */;
			compatibilityVersion = "Xcode 9.3";
			developmentRegion = en;
			hasScannedForEncodings = 0;
			knownRegions = (
				en,
				Base,
			);
			mainGroup = 78058DEC260E24DB007539DF;
			productRefGroup = 78058DF6260E24DB007539DF /* Products */;
			projectDirPath = "";
			projectRoot = "";
			targets = (
				78058DF4260E24DB007539DF /* FoodTracker */,
				78058E0A260E24DC007539DF /* FoodTrackerTests */,
				78058E15260E24DC007539DF /* FoodTrackerUITests */,
			);
		};
/* End PBXProject section */

/* Begin PBXResourcesBuildPhase section */
		78058DF3260E24DB007539DF /* Resources */ = {
			isa = PBXResourcesBuildPhase;
			buildActionMask = 2147483647;
			files = (
				78058E05260E24DC007539DF /* LaunchScreen.storyboard in Resources */,
				78058E02260E24DC007539DF /* Assets.xcassets in Resources */,
				78058E00260E24DB007539DF /* Main.storyboard in Resources */,
			);
			runOnlyForDeploymentPostprocessing = 0;
		};
		78058E09260E24DC007539DF /* Resources */ = {
			isa = PBXResourcesBuildPhase;
			buildActionMask = 2147483647;
			files = (
			);
			runOnlyForDeploymentPostprocessing = 0;
		};
		78058E14260E24DC007539DF /* Resources */ = {
			isa = PBXResourcesBuildPhase;
			buildActionMask = 2147483647;
			files = (
			);
			runOnlyForDeploymentPostprocessing = 0;
		};
/* End PBXResourcesBuildPhase section */

/* Begin PBXSourcesBuildPhase section */
		78058DF1260E24DB007539DF /* Sources */ = {
			isa = PBXSourcesBuildPhase;
			buildActionMask = 2147483647;
			files = (
				78D41D23261607A400467DD9 /* Meal.swift in Sources */,
				786439C226149EE2009A0453 /* RatingControl.swift in Sources */,
				78865D6F261C4B0500026AAE /* MealTableViewController.swift in Sources */,
				78865D67261C40DE00026AAE /* MealTableViewCell.swift in Sources */,
				78058DFD260E24DB007539DF /* MealViewController.swift in Sources */,
				78058DF9260E24DB007539DF /* AppDelegate.swift in Sources */,
				78058DFB260E24DB007539DF /* SceneDelegate.swift in Sources */,
			);
			runOnlyForDeploymentPostprocessing = 0;
		};
		78058E07260E24DC007539DF /* Sources */ = {
			isa = PBXSourcesBuildPhase;
			buildActionMask = 2147483647;
			files = (
				78058E10260E24DC007539DF /* FoodTrackerTests.swift in Sources */,
			);
			runOnlyForDeploymentPostprocessing = 0;
		};
		78058E12260E24DC007539DF /* Sources */ = {
			isa = PBXSourcesBuildPhase;
			buildActionMask = 2147483647;
			files = (
				78058E1B260E24DC007539DF /* FoodTrackerUITests.swift in Sources */,
			);
			runOnlyForDeploymentPostprocessing = 0;
		};
/* End PBXSourcesBuildPhase section */

/* Begin PBXTargetDependency section */
		78058E0D260E24DC007539DF /* PBXTargetDependency */ = {
			isa = PBXTargetDependency;
			target = 78058DF4260E24DB007539DF /* FoodTracker */;
			targetProxy = 78058E0C260E24DC007539DF /* PBXContainerItemProxy */;
		};
		78058E18260E24DC007539DF /* PBXTargetDependency */ = {
			isa = PBXTargetDependency;
			target = 78058DF4260E24DB007539DF /* FoodTracker */;
			targetProxy = 78058E17260E24DC007539DF /* PBXContainerItemProxy */;
		};
/* End PBXTargetDependency section */

/* Begin PBXVariantGroup section */
		78058DFE260E24DB007539DF /* Main.storyboard */ = {
			isa = PBXVariantGroup;
			children = (
				78058DFF260E24DB007539DF /* Base */,
			);
			name = Main.storyboard;
			sourceTree = "<group>";
		};
		78058E03260E24DC007539DF /* LaunchScreen.storyboard */ = {
			isa = PBXVariantGroup;
			children = (
				78058E04260E24DC007539DF /* Base */,
			);
			name = LaunchScreen.storyboard;
			sourceTree = "<group>";
		};
/* End PBXVariantGroup section */

/* Begin XCBuildConfiguration section */
		78058E1D260E24DC007539DF /* Debug */ = {
			isa = XCBuildConfiguration;
			buildSettings = {
				ALWAYS_SEARCH_USER_PATHS = NO;
				CLANG_ANALYZER_NONNULL = YES;
				CLANG_ANALYZER_NUMBER_OBJECT_CONVERSION = YES_AGGRESSIVE;
				CLANG_CXX_LANGUAGE_STANDARD = "gnu++14";
				CLANG_CXX_LIBRARY = "libc++";
				CLANG_ENABLE_MODULES = YES;
				CLANG_ENABLE_OBJC_ARC = YES;
				CLANG_ENABLE_OBJC_WEAK = YES;
				CLANG_WARN_BLOCK_CAPTURE_AUTORELEASING = YES;
				CLANG_WARN_BOOL_CONVERSION = YES;
				CLANG_WARN_COMMA = YES;
				CLANG_WARN_CONSTANT_CONVERSION = YES;
				CLANG_WARN_DEPRECATED_OBJC_IMPLEMENTATIONS = YES;
				CLANG_WARN_DIRECT_OBJC_ISA_USAGE = YES_ERROR;
				CLANG_WARN_DOCUMENTATION_COMMENTS = YES;
				CLANG_WARN_EMPTY_BODY = YES;
				CLANG_WARN_ENUM_CONVERSION = YES;
				CLANG_WARN_INFINITE_RECURSION = YES;
				CLANG_WARN_INT_CONVERSION = YES;
				CLANG_WARN_NON_LITERAL_NULL_CONVERSION = YES;
				CLANG_WARN_OBJC_IMPLICIT_RETAIN_SELF = YES;
				CLANG_WARN_OBJC_LITERAL_CONVERSION = YES;
				CLANG_WARN_OBJC_ROOT_CLASS = YES_ERROR;
				CLANG_WARN_QUOTED_INCLUDE_IN_FRAMEWORK_HEADER = YES;
				CLANG_WARN_RANGE_LOOP_ANALYSIS = YES;
				CLANG_WARN_STRICT_PROTOTYPES = YES;
				CLANG_WARN_SUSPICIOUS_MOVE = YES;
				CLANG_WARN_UNGUARDED_AVAILABILITY = YES_AGGRESSIVE;
				CLANG_WARN_UNREACHABLE_CODE = YES;
				CLANG_WARN__DUPLICATE_METHOD_MATCH = YES;
				COPY_PHASE_STRIP = NO;
				DEBUG_INFORMATION_FORMAT = dwarf;
				ENABLE_STRICT_OBJC_MSGSEND = YES;
				ENABLE_TESTABILITY = YES;
				GCC_C_LANGUAGE_STANDARD = gnu11;
				GCC_DYNAMIC_NO_PIC = NO;
				GCC_NO_COMMON_BLOCKS = YES;
				GCC_OPTIMIZATION_LEVEL = 0;
				GCC_PREPROCESSOR_DEFINITIONS = (
					"DEBUG=1",
					"$(inherited)",
				);
				GCC_WARN_64_TO_32_BIT_CONVERSION = YES;
				GCC_WARN_ABOUT_RETURN_TYPE = YES_ERROR;
				GCC_WARN_UNDECLARED_SELECTOR = YES;
				GCC_WARN_UNINITIALIZED_AUTOS = YES_AGGRESSIVE;
				GCC_WARN_UNUSED_FUNCTION = YES;
				GCC_WARN_UNUSED_VARIABLE = YES;
				IPHONEOS_DEPLOYMENT_TARGET = 14.4;
				MTL_ENABLE_DEBUG_INFO = INCLUDE_SOURCE;
				MTL_FAST_MATH = YES;
				ONLY_ACTIVE_ARCH = YES;
				SDKROOT = iphoneos;
				SWIFT_ACTIVE_COMPILATION_CONDITIONS = DEBUG;
				SWIFT_OPTIMIZATION_LEVEL = "-Onone";
			};
			name = Debug;
		};
		78058E1E260E24DC007539DF /* Release */ = {
			isa = XCBuildConfiguration;
			buildSettings = {
				ALWAYS_SEARCH_USER_PATHS = NO;
				CLANG_ANALYZER_NONNULL = YES;
				CLANG_ANALYZER_NUMBER_OBJECT_CONVERSION = YES_AGGRESSIVE;
				CLANG_CXX_LANGUAGE_STANDARD = "gnu++14";
				CLANG_CXX_LIBRARY = "libc++";
				CLANG_ENABLE_MODULES = YES;
				CLANG_ENABLE_OBJC_ARC = YES;
				CLANG_ENABLE_OBJC_WEAK = YES;
				CLANG_WARN_BLOCK_CAPTURE_AUTORELEASING = YES;
				CLANG_WARN_BOOL_CONVERSION = YES;
				CLANG_WARN_COMMA = YES;
				CLANG_WARN_CONSTANT_CONVERSION = YES;
				CLANG_WARN_DEPRECATED_OBJC_IMPLEMENTATIONS = YES;
				CLANG_WARN_DIRECT_OBJC_ISA_USAGE = YES_ERROR;
				CLANG_WARN_DOCUMENTATION_COMMENTS = YES;
				CLANG_WARN_EMPTY_BODY = YES;
				CLANG_WARN_ENUM_CONVERSION = YES;
				CLANG_WARN_INFINITE_RECURSION = YES;
				CLANG_WARN_INT_CONVERSION = YES;
				CLANG_WARN_NON_LITERAL_NULL_CONVERSION = YES;
				CLANG_WARN_OBJC_IMPLICIT_RETAIN_SELF = YES;
				CLANG_WARN_OBJC_LITERAL_CONVERSION = YES;
				CLANG_WARN_OBJC_ROOT_CLASS = YES_ERROR;
				CLANG_WARN_QUOTED_INCLUDE_IN_FRAMEWORK_HEADER = YES;
				CLANG_WARN_RANGE_LOOP_ANALYSIS = YES;
				CLANG_WARN_STRICT_PROTOTYPES = YES;
				CLANG_WARN_SUSPICIOUS_MOVE = YES;
				CLANG_WARN_UNGUARDED_AVAILABILITY = YES_AGGRESSIVE;
				CLANG_WARN_UNREACHABLE_CODE = YES;
				CLANG_WARN__DUPLICATE_METHOD_MATCH = YES;
				COPY_PHASE_STRIP = NO;
				DEBUG_INFORMATION_FORMAT = "dwarf-with-dsym";
				ENABLE_NS_ASSERTIONS = NO;
				ENABLE_STRICT_OBJC_MSGSEND = YES;
				GCC_C_LANGUAGE_STANDARD = gnu11;
				GCC_NO_COMMON_BLOCKS = YES;
				GCC_WARN_64_TO_32_BIT_CONVERSION = YES;
				GCC_WARN_ABOUT_RETURN_TYPE = YES_ERROR;
				GCC_WARN_UNDECLARED_SELECTOR = YES;
				GCC_WARN_UNINITIALIZED_AUTOS = YES_AGGRESSIVE;
				GCC_WARN_UNUSED_FUNCTION = YES;
				GCC_WARN_UNUSED_VARIABLE = YES;
				IPHONEOS_DEPLOYMENT_TARGET = 14.4;
				MTL_ENABLE_DEBUG_INFO = NO;
				MTL_FAST_MATH = YES;
				SDKROOT = iphoneos;
				SWIFT_COMPILATION_MODE = wholemodule;
				SWIFT_OPTIMIZATION_LEVEL = "-O";
				VALIDATE_PRODUCT = YES;
			};
			name = Release;
		};
		78058E20260E24DC007539DF /* Debug */ = {
			isa = XCBuildConfiguration;
			buildSettings = {
				ASSETCATALOG_COMPILER_APPICON_NAME = AppIcon;
				ASSETCATALOG_COMPILER_GLOBAL_ACCENT_COLOR_NAME = AccentColor;
				CODE_SIGN_STYLE = Automatic;
				INFOPLIST_FILE = FoodTracker/Info.plist;
				LD_RUNPATH_SEARCH_PATHS = (
					"$(inherited)",
					"@executable_path/Frameworks",
				);
				PRODUCT_BUNDLE_IDENTIFIER = com.example.FoodTracker;
				PRODUCT_NAME = "$(TARGET_NAME)";
				SWIFT_VERSION = 5.0;
				TARGETED_DEVICE_FAMILY = "1,2";
			};
			name = Debug;
		};
		78058E21260E24DC007539DF /* Release */ = {
			isa = XCBuildConfiguration;
			buildSettings = {
				ASSETCATALOG_COMPILER_APPICON_NAME = AppIcon;
				ASSETCATALOG_COMPILER_GLOBAL_ACCENT_COLOR_NAME = AccentColor;
				CODE_SIGN_STYLE = Automatic;
				INFOPLIST_FILE = FoodTracker/Info.plist;
				LD_RUNPATH_SEARCH_PATHS = (
					"$(inherited)",
					"@executable_path/Frameworks",
				);
				PRODUCT_BUNDLE_IDENTIFIER = com.example.FoodTracker;
				PRODUCT_NAME = "$(TARGET_NAME)";
				SWIFT_VERSION = 5.0;
				TARGETED_DEVICE_FAMILY = "1,2";
			};
			name = Release;
		};
		78058E23260E24DC007539DF /* Debug */ = {
			isa = XCBuildConfiguration;
			buildSettings = {
				ALWAYS_EMBED_SWIFT_STANDARD_LIBRARIES = YES;
				BUNDLE_LOADER = "$(TEST_HOST)";
				CODE_SIGN_STYLE = Automatic;
				INFOPLIST_FILE = FoodTrackerTests/Info.plist;
				IPHONEOS_DEPLOYMENT_TARGET = 14.4;
				LD_RUNPATH_SEARCH_PATHS = (
					"$(inherited)",
					"@executable_path/Frameworks",
					"@loader_path/Frameworks",
				);
				PRODUCT_BUNDLE_IDENTIFIER = com.example.FoodTrackerTests;
				PRODUCT_NAME = "$(TARGET_NAME)";
				SWIFT_VERSION = 5.0;
				TARGETED_DEVICE_FAMILY = "1,2";
				TEST_HOST = "$(BUILT_PRODUCTS_DIR)/FoodTracker.app/FoodTracker";
			};
			name = Debug;
		};
		78058E24260E24DC007539DF /* Release */ = {
			isa = XCBuildConfiguration;
			buildSettings = {
				ALWAYS_EMBED_SWIFT_STANDARD_LIBRARIES = YES;
				BUNDLE_LOADER = "$(TEST_HOST)";
				CODE_SIGN_STYLE = Automatic;
				INFOPLIST_FILE = FoodTrackerTests/Info.plist;
				IPHONEOS_DEPLOYMENT_TARGET = 14.4;
				LD_RUNPATH_SEARCH_PATHS = (
					"$(inherited)",
					"@executable_path/Frameworks",
					"@loader_path/Frameworks",
				);
				PRODUCT_BUNDLE_IDENTIFIER = com.example.FoodTrackerTests;
				PRODUCT_NAME = "$(TARGET_NAME)";
				SWIFT_VERSION = 5.0;
				TARGETED_DEVICE_FAMILY = "1,2";
				TEST_HOST = "$(BUILT_PRODUCTS_DIR)/FoodTracker.app/FoodTracker";
			};
			name = Release;
		};
		78058E26260E24DC007539DF /* Debug */ = {
			isa = XCBuildConfiguration;
			buildSettings = {
				ALWAYS_EMBED_SWIFT_STANDARD_LIBRARIES = YES;
				CODE_SIGN_STYLE = Automatic;
				INFOPLIST_FILE = FoodTrackerUITests/Info.plist;
				LD_RUNPATH_SEARCH_PATHS = (
					"$(inherited)",
					"@executable_path/Frameworks",
					"@loader_path/Frameworks",
				);
				PRODUCT_BUNDLE_IDENTIFIER = com.example.FoodTrackerUITests;
				PRODUCT_NAME = "$(TARGET_NAME)";
				SWIFT_VERSION = 5.0;
				TARGETED_DEVICE_FAMILY = "1,2";
				TEST_TARGET_NAME = FoodTracker;
			};
			name = Debug;
		};
		78058E27260E24DC007539DF /* Release */ = {
			isa = XCBuildConfiguration;
			buildSettings = {
				ALWAYS_EMBED_SWIFT_STANDARD_LIBRARIES = YES;
				CODE_SIGN_STYLE = Automatic;
				INFOPLIST_FILE = FoodTrackerUITests/Info.plist;
				LD_RUNPATH_SEARCH_PATHS = (
					"$(inherited)",
					"@executable_path/Frameworks",
					"@loader_path/Frameworks",
				);
				PRODUCT_BUNDLE_IDENTIFIER = com.example.FoodTrackerUITests;
				PRODUCT_NAME = "$(TARGET_NAME)";
				SWIFT_VERSION = 5.0;
				TARGETED_DEVICE_FAMILY = "1,2";
				TEST_TARGET_NAME = FoodTracker;
			};
			name = Release;
		};
/* End XCBuildConfiguration section */

/* Begin XCConfigurationList section */
		78058DF0260E24DB007539DF /* Build configuration list for PBXProject "FoodTracker" */ = {
			isa = XCConfigurationList;
			buildConfigurations = (
				78058E1D260E24DC007539DF /* Debug */,
				78058E1E260E24DC007539DF /* Release */,
			);
			defaultConfigurationIsVisible = 0;
			defaultConfigurationName = Release;
		};
		78058E1F260E24DC007539DF /* Build configuration list for PBXNativeTarget "FoodTracker" */ = {
			isa = XCConfigurationList;
			buildConfigurations = (
				78058E20260E24DC007539DF /* Debug */,
				78058E21260E24DC007539DF /* Release */,
			);
			defaultConfigurationIsVisible = 0;
			defaultConfigurationName = Release;
		};
		78058E22260E24DC007539DF /* Build configuration list for PBXNativeTarget "FoodTrackerTests" */ = {
			isa = XCConfigurationList;
			buildConfigurations = (
				78058E23260E24DC007539DF /* Debug */,
				78058E24260E24DC007539DF /* Release */,
			);
			defaultConfigurationIsVisible = 0;
			defaultConfigurationName = Release;
		};
		78058E25260E24DC007539DF /* Build configuration list for PBXNativeTarget "FoodTrackerUITests" */ = {
			isa = XCConfigurationList;
			buildConfigurations = (
				78058E26260E24DC007539DF /* Debug */,
				78058E27260E24DC007539DF /* Release */,
			);
			defaultConfigurationIsVisible = 0;
			defaultConfigurationName = Release;
		};
/* End XCConfigurationList section */
	};
	rootObject = 78058DED260E24DB007539DF /* Project object */;
}
